
Microsoft Visual Studio Solution File, Format Version 12.00
# Visual Studio Version 16
VisualStudioVersion = 16.0.30204.135
MinimumVisualStudioVersion = 10.0.40219.1
Project("{9A19103F-16F7-4668-BE54-9A1E7A4F7556}") = "MSXUtilities", "MSXUtilities\MSXUtilities.csproj", "{6F6B59B9-7DA6-4106-80A2-929E0AAB2351}"
EndProject
Project("{FAE04EC0-301F-11D3-BF4B-00C04F79EFBC}") = "MsxUtilities.Test", "MsxUtilities.Test\MsxUtilities.Test.csproj", "{E74507BF-1A33-463C-8779-1B967487CE2E}"
EndProject
Global
	GlobalSection(SolutionConfigurationPlatforms) = preSolution
		Debug|Any CPU = Debug|Any CPU
		Release|Any CPU = Release|Any CPU
	EndGlobalSection
	GlobalSection(ProjectConfigurationPlatforms) = postSolution
		{6F6B59B9-7DA6-4106-80A2-929E0AAB2351}.Debug|Any CPU.ActiveCfg = Debug|Any CPU
		{6F6B59B9-7DA6-4106-80A2-929E0AAB2351}.Debug|Any CPU.Build.0 = Debug|Any CPU
		{6F6B59B9-7DA6-4106-80A2-929E0AAB2351}.Release|Any CPU.ActiveCfg = Release|Any CPU
		{6F6B59B9-7DA6-4106-80A2-929E0AAB2351}.Release|Any CPU.Build.0 = Release|Any CPU
		{E74507BF-1A33-463C-8779-1B967487CE2E}.Debug|Any CPU.ActiveCfg = Debug|Any CPU
		{E74507BF-1A33-463C-8779-1B967487CE2E}.Debug|Any CPU.Build.0 = Debug|Any CPU
		{E74507BF-1A33-463C-8779-1B967487CE2E}.Release|Any CPU.ActiveCfg = Release|Any CPU
		{E74507BF-1A33-463C-8779-1B967487CE2E}.Release|Any CPU.Build.0 = Release|Any CPU
	EndGlobalSection
	GlobalSection(SolutionProperties) = preSolution
		HideSolutionNode = FALSE
	EndGlobalSection
	GlobalSection(ExtensibilityGlobals) = postSolution
		SolutionGuid = {7F744D41-0D5D-4498-BFC1-CDCDEAD08606}
	EndGlobalSection
EndGlobal
